// !$*UTF8*$!
{
	archiveVersion = 1;
	classes = {
	};
	objectVersion = 50;
	objects = {

/* Begin PBXBuildFile section */
		CD19C938259E42FA00C380DF /* AppDelegate.swift in Sources */ = {isa = PBXBuildFile; fileRef = CD19C937259E42FA00C380DF /* AppDelegate.swift */; };
		CD19C93A259E42FA00C380DF /* SceneDelegate.swift in Sources */ = {isa = PBXBuildFile; fileRef = CD19C939259E42FA00C380DF /* SceneDelegate.swift */; };
		CD19C93C259E42FA00C380DF /* ViewController.swift in Sources */ = {isa = PBXBuildFile; fileRef = CD19C93B259E42FA00C380DF /* ViewController.swift */; };
		CD19C93F259E42FA00C380DF /* Main.storyboard in Resources */ = {isa = PBXBuildFile; fileRef = CD19C93D259E42FA00C380DF /* Main.storyboard */; };
		CD19C941259E42FD00C380DF /* Assets.xcassets in Resources */ = {isa = PBXBuildFile; fileRef = CD19C940259E42FD00C380DF /* Assets.xcassets */; };
		CD19C944259E42FD00C380DF /* LaunchScreen.storyboard in Resources */ = {isa = PBXBuildFile; fileRef = CD19C942259E42FD00C380DF /* LaunchScreen.storyboard */; };
		CD19C94D259E432E00C380DF /* Resnet50.mlmodel in Sources */ = {isa = PBXBuildFile; fileRef = CD19C94C259E432E00C380DF /* Resnet50.mlmodel */; };
/* End PBXBuildFile section */

/* Begin PBXFileReference section */
		CD19C934259E42FA00C380DF /* ImageRecognizer.app */ = {isa = PBXFileReference; explicitFileType = wrapper.application; includeInIndex = 0; path = ImageRecognizer.app; sourceTree = BUILT_PRODUCTS_DIR; };
		CD19C937259E42FA00C380DF /* AppDelegate.swift */ = {isa = PBXFileReference; lastKnownFileType = sourcecode.swift; path = AppDelegate.swift; sourceTree = "<group>"; };
		CD19C939259E42FA00C380DF /* SceneDelegate.swift */ = {isa = PBXFileReference; lastKnownFileType = sourcecode.swift; path = SceneDelegate.swift; sourceTree = "<group>"; };
		CD19C93B259E42FA00C380DF /* ViewController.swift */ = {isa = PBXFileReference; lastKnownFileType = sourcecode.swift; path = ViewController.swift; sourceTree = "<group>"; };
		CD19C93E259E42FA00C380DF /* Base */ = {isa = PBXFileReference; lastKnownFileType = file.storyboard; name = Base; path = Base.lproj/Main.storyboard; sourceTree = "<group>"; };
		CD19C940259E42FD00C380DF /* Assets.xcassets */ = {isa = PBXFileReference; lastKnownFileType = folder.assetcatalog; path = Assets.xcassets; sourceTree = "<group>"; };
		CD19C943259E42FD00C380DF /* Base */ = {isa = PBXFileReference; lastKnownFileType = file.storyboard; name = Base; path = Base.lproj/LaunchScreen.storyboard; sourceTree = "<group>"; };
		CD19C945259E42FD00C380DF /* Info.plist */ = {isa = PBXFileReference; lastKnownFileType = text.plist.xml; path = Info.plist; sourceTree = "<group>"; };
		CD19C94C259E432E00C380DF /* Resnet50.mlmodel */ = {isa = PBXFileReference; lastKnownFileType = file.mlmodel; path = Resnet50.mlmodel; sourceTree = "<group>"; };
/* End PBXFileReference section */

/* Begin PBXFrameworksBuildPhase section */
		CD19C931259E42FA00C380DF /* Frameworks */ = {
			isa = PBXFrameworksBuildPhase;
			buildActionMask = 2147483647;
			files = (
			);
			runOnlyForDeploymentPostprocessing = 0;
		};
/* End PBXFrameworksBuildPhase section */

/* Begin PBXGroup section */
		CD19C92B259E42FA00C380DF = {
			isa = PBXGroup;
			children = (
				CD19C936259E42FA00C380DF /* ImageRecognizer */,
				CD19C935259E42FA00C380DF /* Products */,
			);
			sourceTree = "<group>";
		};
		CD19C935259E42FA00C380DF /* Products */ = {
			isa = PBXGroup;
			children = (
				CD19C934259E42FA00C380DF /* ImageRecognizer.app */,
			);
			name = Products;
			sourceTree = "<group>";
		};
		CD19C936259E42FA00C380DF /* ImageRecognizer */ = {
			isa = PBXGroup;
			children = (
				CD19C94C259E432E00C380DF /* Resnet50.mlmodel */,
				CD19C937259E42FA00C380DF /* AppDelegate.swift */,
				CD19C93B259E42FA00C380DF /* ViewController.swift */,
				CD19C93D259E42FA00C380DF /* Main.storyboard */,
				CD19C939259E42FA00C380DF /* SceneDelegate.swift */,
				CD19C940259E42FD00C380DF /* Assets.xcassets */,
				CD19C942259E42FD00C380DF /* LaunchScreen.storyboard */,
				CD19C945259E42FD00C380DF /* Info.plist */,
			);
			path = ImageRecognizer;
			sourceTree = "<group>";
		};
/* End PBXGroup section */

/* Begin PBXNativeTarget section */
		CD19C933259E42FA00C380DF /* ImageRecognizer */ = {
			isa = PBXNativeTarget;
			buildConfigurationList = CD19C948259E42FD00C380DF /* Build configuration list for PBXNativeTarget "ImageRecognizer" */;
			buildPhases = (
				CD19C930259E42FA00C380DF /* Sources */,
				CD19C931259E42FA00C380DF /* Frameworks */,
				CD19C932259E42FA00C380DF /* Resources */,
			);
			buildRules = (
			);
			dependencies = (
			);
			name = ImageRecognizer;
			productName = ImageRecognizer;
			productReference = CD19C934259E42FA00C380DF /* ImageRecognizer.app */;
			productType = "com.apple.product-type.application";
		};
/* End PBXNativeTarget section */

/* Begin PBXProject section */
		CD19C92C259E42FA00C380DF /* Project object */ = {
			isa = PBXProject;
			attributes = {
				LastSwiftUpdateCheck = 1230;
				LastUpgradeCheck = 1230;
				TargetAttributes = {
					CD19C933259E42FA00C380DF = {
						CreatedOnToolsVersion = 12.3;
					};
				};
			};
			buildConfigurationList = CD19C92F259E42FA00C380DF /* Build configuration list for PBXProject "ImageRecognizer" */;
			compatibilityVersion = "Xcode 9.3";
			developmentRegion = en;
			hasScannedForEncodings = 0;
			knownRegions = (
				en,
				Base,
			);
			mainGroup = CD19C92B259E42FA00C380DF;
			productRefGroup = CD19C935259E42FA00C380DF /* Products */;
			projectDirPath = "";
			projectRoot = "";
			targets = (
				CD19C933259E42FA00C380DF /* ImageRecognizer */,
			);
		};
/* End PBXProject section */

/* Begin PBXResourcesBuildPhase section */
		CD19C932259E42FA00C380DF /* Resources */ = {
			isa = PBXResourcesBuildPhase;
			buildActionMask = 2147483647;
			files = (
				CD19C944259E42FD00C380DF /* LaunchScreen.storyboard in Resources */,
				CD19C941259E42FD00C380DF /* Assets.xcassets in Resources */,
				CD19C93F259E42FA00C380DF /* Main.storyboard in Resources */,
			);
			runOnlyForDeploymentPostprocessing = 0;
		};
/* End PBXResourcesBuildPhase section */

/* Begin PBXSourcesBuildPhase section */
		CD19C930259E42FA00C380DF /* Sources */ = {
			isa = PBXSourcesBuildPhase;
			buildActionMask = 2147483647;
			files = (
				CD19C93C259E42FA00C380DF /* ViewController.swift in Sources */,
				CD19C938259E42FA00C380DF /* AppDelegate.swift in Sources */,
				CD19C94D259E432E00C380DF /* Resnet50.mlmodel in Sources */,
				CD19C93A259E42FA00C380DF /* SceneDelegate.swift in Sources */,
			);
			runOnlyForDeploymentPostprocessing = 0;
		};
/* End PBXSourcesBuildPhase section */

/* Begin PBXVariantGroup section */
		CD19C93D259E42FA00C380DF /* Main.storyboard */ = {
			isa = PBXVariantGroup;
			children = (
				CD19C93E259E42FA00C380DF /* Base */,
			);
			name = Main.storyboard;
			sourceTree = "<group>";
		};
		CD19C942259E42FD00C380DF /* LaunchScreen.storyboard */ = {
			isa = PBXVariantGroup;
			children = (
				CD19C943259E42FD00C380DF /* Base */,
			);
			name = LaunchScreen.storyboard;
			sourceTree = "<group>";
		};
/* End PBXVariantGroup section */

/* Begin XCBuildConfiguration section */
		CD19C946259E42FD00C380DF /* Debug */ = {
			isa = XCBuildConfiguration;
			buildSettings = {
				ALWAYS_SEARCH_USER_PATHS = NO;
				CLANG_ANALYZER_NONNULL = YES;
				CLANG_ANALYZER_NUMBER_OBJECT_CONVERSION = YES_AGGRESSIVE;
				CLANG_CXX_LANGUAGE_STANDARD = "gnu++14";
				CLANG_CXX_LIBRARY = "libc++";
				CLANG_ENABLE_MODULES = YES;
				CLANG_ENABLE_OBJC_ARC = YES;
				CLANG_ENABLE_OBJC_WEAK = YES;
				CLANG_WARN_BLOCK_CAPTURE_AUTORELEASING = YES;
				CLANG_WARN_BOOL_CONVERSION = YES;
				CLANG_WARN_COMMA = YES;
				CLANG_WARN_CONSTANT_CONVERSION = YES;
				CLANG_WARN_DEPRECATED_OBJC_IMPLEMENTATIONS = YES;
				CLANG_WARN_DIRECT_OBJC_ISA_USAGE = YES_ERROR;
				CLANG_WARN_DOCUMENTATION_COMMENTS = YES;
				CLANG_WARN_EMPTY_BODY = YES;
				CLANG_WARN_ENUM_CONVERSION = YES;
				CLANG_WARN_INFINITE_RECURSION = YES;
				CLANG_WARN_INT_CONVERSION = YES;
				CLANG_WARN_NON_LITERAL_NULL_CONVERSION = YES;
				CLANG_WARN_OBJC_IMPLICIT_RETAIN_SELF = YES;
				CLANG_WARN_OBJC_LITERAL_CONVERSION = YES;
				CLANG_WARN_OBJC_ROOT_CLASS = YES_ERROR;
				CLANG_WARN_QUOTED_INCLUDE_IN_FRAMEWORK_HEADER = YES;
				CLANG_WARN_RANGE_LOOP_ANALYSIS = YES;
				CLANG_WARN_STRICT_PROTOTYPES = YES;
				CLANG_WARN_SUSPICIOUS_MOVE = YES;
				CLANG_WARN_UNGUARDED_AVAILABILITY = YES_AGGRESSIVE;
				CLANG_WARN_UNREACHABLE_CODE = YES;
				CLANG_WARN__DUPLICATE_METHOD_MATCH = YES;
				COPY_PHASE_STRIP = NO;
				DEBUG_INFORMATION_FORMAT = dwarf;
				ENABLE_STRICT_OBJC_MSGSEND = YES;
				ENABLE_TESTABILITY = YES;
				GCC_C_LANGUAGE_STANDARD = gnu11;
				GCC_DYNAMIC_NO_PIC = NO;
				GCC_NO_COMMON_BLOCKS = YES;
				GCC_OPTIMIZATION_LEVEL = 0;
				GCC_PREPROCESSOR_DEFINITIONS = (
					"DEBUG=1",
					"$(inherited)",
				);
				GCC_WARN_64_TO_32_BIT_CONVERSION = YES;
				GCC_WARN_ABOUT_RETURN_TYPE = YES_ERROR;
				GCC_WARN_UNDECLARED_SELECTOR = YES;
				GCC_WARN_UNINITIALIZED_AUTOS = YES_AGGRESSIVE;
				GCC_WARN_UNUSED_FUNCTION = YES;
				GCC_WARN_UNUSED_VARIABLE = YES;
				IPHONEOS_DEPLOYMENT_TARGET = 14.3;
				MTL_ENABLE_DEBUG_INFO = INCLUDE_SOURCE;
				MTL_FAST_MATH = YES;
				ONLY_ACTIVE_ARCH = YES;
				SDKROOT = iphoneos;
				SWIFT_ACTIVE_COMPILATION_CONDITIONS = DEBUG;
				SWIFT_OPTIMIZATION_LEVEL = "-Onone";
			};
			name = Debug;
		};
		CD19C947259E42FD00C380DF /* Release */ = {
			isa = XCBuildConfiguration;
			buildSettings = {
				ALWAYS_SEARCH_USER_PATHS = NO;
				CLANG_ANALYZER_NONNULL = YES;
				CLANG_ANALYZER_NUMBER_OBJECT_CONVERSION = YES_AGGRESSIVE;
				CLANG_CXX_LANGUAGE_STANDARD = "gnu++14";
				CLANG_CXX_LIBRARY = "libc++";
				CLANG_ENABLE_MODULES = YES;
				CLANG_ENABLE_OBJC_ARC = YES;
				CLANG_ENABLE_OBJC_WEAK = YES;
				CLANG_WARN_BLOCK_CAPTURE_AUTORELEASING = YES;
				CLANG_WARN_BOOL_CONVERSION = YES;
				CLANG_WARN_COMMA = YES;
				CLANG_WARN_CONSTANT_CONVERSION = YES;
				CLANG_WARN_DEPRECATED_OBJC_IMPLEMENTATIONS = YES;
				CLANG_WARN_DIRECT_OBJC_ISA_USAGE = YES_ERROR;
				CLANG_WARN_DOCUMENTATION_COMMENTS = YES;
				CLANG_WARN_EMPTY_BODY = YES;
				CLANG_WARN_ENUM_CONVERSION = YES;
				CLANG_WARN_INFINITE_RECURSION = YES;
				CLANG_WARN_INT_CONVERSION = YES;
				CLANG_WARN_NON_LITERAL_NULL_CONVERSION = YES;
				CLANG_WARN_OBJC_IMPLICIT_RETAIN_SELF = YES;
				CLANG_WARN_OBJC_LITERAL_CONVERSION = YES;
				CLANG_WARN_OBJC_ROOT_CLASS = YES_ERROR;
				CLANG_WARN_QUOTED_INCLUDE_IN_FRAMEWORK_HEADER = YES;
				CLANG_WARN_RANGE_LOOP_ANALYSIS = YES;
				CLANG_WARN_STRICT_PROTOTYPES = YES;
				CLANG_WARN_SUSPICIOUS_MOVE = YES;
				CLANG_WARN_UNGUARDED_AVAILABILITY = YES_AGGRESSIVE;
				CLANG_WARN_UNREACHABLE_CODE = YES;
				CLANG_WARN__DUPLICATE_METHOD_MATCH = YES;
				COPY_PHASE_STRIP = NO;
				DEBUG_INFORMATION_FORMAT = "dwarf-with-dsym";
				ENABLE_NS_ASSERTIONS = NO;
				ENABLE_STRICT_OBJC_MSGSEND = YES;
				GCC_C_LANGUAGE_STANDARD = gnu11;
				GCC_NO_COMMON_BLOCKS = YES;
				GCC_WARN_64_TO_32_BIT_CONVERSION = YES;
				GCC_WARN_ABOUT_RETURN_TYPE = YES_ERROR;
				GCC_WARN_UNDECLARED_SELECTOR = YES;
				GCC_WARN_UNINITIALIZED_AUTOS = YES_AGGRESSIVE;
				GCC_WARN_UNUSED_FUNCTION = YES;
				GCC_WARN_UNUSED_VARIABLE = YES;
				IPHONEOS_DEPLOYMENT_TARGET = 14.3;
				MTL_ENABLE_DEBUG_INFO = NO;
				MTL_FAST_MATH = YES;
				SDKROOT = iphoneos;
				SWIFT_COMPILATION_MODE = wholemodule;
				SWIFT_OPTIMIZATION_LEVEL = "-O";
				VALIDATE_PRODUCT = YES;
			};
			name = Release;
		};
		CD19C949259E42FD00C380DF /* Debug */ = {
			isa = XCBuildConfiguration;
			buildSettings = {
				ASSETCATALOG_COMPILER_APPICON_NAME = AppIcon;
				ASSETCATALOG_COMPILER_GLOBAL_ACCENT_COLOR_NAME = AccentColor;
				CODE_SIGN_STYLE = Automatic;
				INFOPLIST_FILE = ImageRecognizer/Info.plist;
				LD_RUNPATH_SEARCH_PATHS = (
					"$(inherited)",
					"@executable_path/Frameworks",
				);
				PRODUCT_BUNDLE_IDENTIFIER = dev.nathan.visser.ImageRecognizer;
				PRODUCT_NAME = "$(TARGET_NAME)";
				SWIFT_VERSION = 5.0;
				TARGETED_DEVICE_FAMILY = "1,2";
			};
			name = Debug;
		};
		CD19C94A259E42FD00C380DF /* Release */ = {
			isa = XCBuildConfiguration;
			buildSettings = {
				ASSETCATALOG_COMPILER_APPICON_NAME = AppIcon;
				ASSETCATALOG_COMPILER_GLOBAL_ACCENT_COLOR_NAME = AccentColor;
				CODE_SIGN_STYLE = Automatic;
				INFOPLIST_FILE = ImageRecognizer/Info.plist;
				LD_RUNPATH_SEARCH_PATHS = (
					"$(inherited)",
					"@executable_path/Frameworks",
				);
				PRODUCT_BUNDLE_IDENTIFIER = dev.nathan.visser.ImageRecognizer;
				PRODUCT_NAME = "$(TARGET_NAME)";
				SWIFT_VERSION = 5.0;
				TARGETED_DEVICE_FAMILY = "1,2";
			};
			name = Release;
		};
/* End XCBuildConfiguration section */

/* Begin XCConfigurationList section */
		CD19C92F259E42FA00C380DF /* Build configuration list for PBXProject "ImageRecognizer" */ = {
			isa = XCConfigurationList;
			buildConfigurations = (
				CD19C946259E42FD00C380DF /* Debug */,
				CD19C947259E42FD00C380DF /* Release */,
			);
			defaultConfigurationIsVisible = 0;
			defaultConfigurationName = Release;
		};
		CD19C948259E42FD00C380DF /* Build configuration list for PBXNativeTarget "ImageRecognizer" */ = {
			isa = XCConfigurationList;
			buildConfigurations = (
				CD19C949259E42FD00C380DF /* Debug */,
				CD19C94A259E42FD00C380DF /* Release */,
			);
			defaultConfigurationIsVisible = 0;
			defaultConfigurationName = Release;
		};
/* End XCConfigurationList section */
	};
	rootObject = CD19C92C259E42FA00C380DF /* Project object */;
}
